
Microsoft Visual Studio Solution File, Format Version 12.00
# Visual Studio Version 17
VisualStudioVersion = 17.13.35825.156 d17.13
MinimumVisualStudioVersion = 10.0.40219.1
Project("{FAE04EC0-301F-11D3-BF4B-00C04F79EFBC}") = "HackatonProjectV1", "HackatonProjectV1\HackatonProjectV1.csproj", "{07283D50-AC42-478E-A7EF-2207B74F66A5}"
EndProject
Global
	GlobalSection(SolutionConfigurationPlatforms) = preSolution
		Debug|Any CPU = Debug|Any CPU
		Release|Any CPU = Release|Any CPU
	EndGlobalSection
	GlobalSection(ProjectConfigurationPlatforms) = postSolution
		{07283D50-AC42-478E-A7EF-2207B74F66A5}.Debug|Any CPU.ActiveCfg = Debug|Any CPU
		{07283D50-AC42-478E-A7EF-2207B74F66A5}.Debug|Any CPU.Build.0 = Debug|Any CPU
		{07283D50-AC42-478E-A7EF-2207B74F66A5}.Release|Any CPU.ActiveCfg = Release|Any CPU
		{07283D50-AC42-478E-A7EF-2207B74F66A5}.Release|Any CPU.Build.0 = Release|Any CPU
	EndGlobalSection
	GlobalSection(SolutionProperties) = preSolution
		HideSolutionNode = FALSE
	EndGlobalSection
	GlobalSection(ExtensibilityGlobals) = postSolution
		SolutionGuid = {329CD57F-B0B2-4861-9840-8D51F76B1B95}
	EndGlobalSection
EndGlobal
